
Microsoft Visual Studio Solution File, Format Version 12.00
# Visual Studio Version 17
VisualStudioVersion = 17.4.32804.182
MinimumVisualStudioVersion = 10.0.40219.1
Project("{8BC9CEB8-8B4A-11D0-8D11-00A0C91BC942}") = "Scrypter", "Scrypter.vcxproj", "{7EDD28C2-B2FC-4A05-8F69-DACC3FECAC6C}"
EndProject
Global
	GlobalSection(SolutionConfigurationPlatforms) = preSolution
		Debug|x64 = Debug|x64
		Debug|x86 = Debug|x86
		Release|x64 = Release|x64
		Release|x86 = Release|x86
	EndGlobalSection
	GlobalSection(ProjectConfigurationPlatforms) = postSolution
		{7EDD28C2-B2FC-4A05-8F69-DACC3FECAC6C}.Debug|x64.ActiveCfg = Debug|x64
		{7EDD28C2-B2FC-4A05-8F69-DACC3FECAC6C}.Debug|x64.Build.0 = Debug|x64
		{7EDD28C2-B2FC-4A05-8F69-DACC3FECAC6C}.Debug|x86.ActiveCfg = Debug|Win32
		{7EDD28C2-B2FC-4A05-8F69-DACC3FECAC6C}.Debug|x86.Build.0 = Debug|Win32
		{7EDD28C2-B2FC-4A05-8F69-DACC3FECAC6C}.Release|x64.ActiveCfg = Release|x64
		{7EDD28C2-B2FC-4A05-8F69-DACC3FECAC6C}.Release|x64.Build.0 = Release|x64
		{7EDD28C2-B2FC-4A05-8F69-DACC3FECAC6C}.Release|x86.ActiveCfg = Release|Win32
		{7EDD28C2-B2FC-4A05-8F69-DACC3FECAC6C}.Release|x86.Build.0 = Release|Win32
	EndGlobalSection
	GlobalSection(SolutionProperties) = preSolution
		HideSolutionNode = FALSE
	EndGlobalSection
	GlobalSection(ExtensibilityGlobals) = postSolution
		SolutionGuid = {B442CA2C-7FD4-41CF-B1BA-3C3C53305445}
	EndGlobalSection
EndGlobal
